
Microsoft Visual Studio Solution File, Format Version 12.00
# Visual Studio Version 16
VisualStudioVersion = 16.0.31613.86
MinimumVisualStudioVersion = 10.0.40219.1
Project("{FAE04EC0-301F-11D3-BF4B-00C04F79EFBC}") = "DataAccess", "DataAccess\DataAccess.csproj", "{CC9D59AD-D9B2-4319-B75A-DA082E7BFF34}"
EndProject
Project("{FAE04EC0-301F-11D3-BF4B-00C04F79EFBC}") = "ConsoleMVCPattern", "ConsoleMVCPattern\ConsoleMVCPattern.csproj", "{45C25D9C-C8D2-4FB7-9D97-87C0F28BB1A2}"
EndProject
Project("{FAE04EC0-301F-11D3-BF4B-00C04F79EFBC}") = "TestingConsoleUI", "TestingConsoleUI\TestingConsoleUI.csproj", "{838F125D-B0EC-4D88-8383-288B8E90B875}"
EndProject
Project("{FAE04EC0-301F-11D3-BF4B-00C04F79EFBC}") = "MathScience.ClassLib", "MathScience.ClassLib\MathScience.ClassLib.csproj", "{ECCFDF0A-C674-41E3-93BC-CDF6CF1039D5}"
EndProject
Project("{FAE04EC0-301F-11D3-BF4B-00C04F79EFBC}") = "DesignPatterns.ClassLib", "DesignPatterns.ClassLib\DesignPatterns.ClassLib.csproj", "{C488B4B9-2779-4824-9F0E-D0786FB4129F}"
EndProject
Project("{FAE04EC0-301F-11D3-BF4B-00C04F79EFBC}") = "DBAccess.ClassLib", "DBAccess.ClassLib\DBAccess.ClassLib.csproj", "{8522E093-9A3B-4B51-8756-6CF995453980}"
EndProject
Project("{FAE04EC0-301F-11D3-BF4B-00C04F79EFBC}") = "People.ClassLib", "People.ClassLib\People.ClassLib.csproj", "{1885D810-4C93-47B4-974D-F96FC72CB068}"
EndProject
Global
	GlobalSection(SolutionConfigurationPlatforms) = preSolution
		Debug|Any CPU = Debug|Any CPU
		Release|Any CPU = Release|Any CPU
	EndGlobalSection
	GlobalSection(ProjectConfigurationPlatforms) = postSolution
		{CC9D59AD-D9B2-4319-B75A-DA082E7BFF34}.Debug|Any CPU.ActiveCfg = Debug|Any CPU
		{CC9D59AD-D9B2-4319-B75A-DA082E7BFF34}.Debug|Any CPU.Build.0 = Debug|Any CPU
		{CC9D59AD-D9B2-4319-B75A-DA082E7BFF34}.Release|Any CPU.ActiveCfg = Release|Any CPU
		{CC9D59AD-D9B2-4319-B75A-DA082E7BFF34}.Release|Any CPU.Build.0 = Release|Any CPU
		{45C25D9C-C8D2-4FB7-9D97-87C0F28BB1A2}.Debug|Any CPU.ActiveCfg = Debug|Any CPU
		{45C25D9C-C8D2-4FB7-9D97-87C0F28BB1A2}.Debug|Any CPU.Build.0 = Debug|Any CPU
		{45C25D9C-C8D2-4FB7-9D97-87C0F28BB1A2}.Release|Any CPU.ActiveCfg = Release|Any CPU
		{45C25D9C-C8D2-4FB7-9D97-87C0F28BB1A2}.Release|Any CPU.Build.0 = Release|Any CPU
		{838F125D-B0EC-4D88-8383-288B8E90B875}.Debug|Any CPU.ActiveCfg = Debug|Any CPU
		{838F125D-B0EC-4D88-8383-288B8E90B875}.Debug|Any CPU.Build.0 = Debug|Any CPU
		{838F125D-B0EC-4D88-8383-288B8E90B875}.Release|Any CPU.ActiveCfg = Release|Any CPU
		{838F125D-B0EC-4D88-8383-288B8E90B875}.Release|Any CPU.Build.0 = Release|Any CPU
		{ECCFDF0A-C674-41E3-93BC-CDF6CF1039D5}.Debug|Any CPU.ActiveCfg = Debug|Any CPU
		{ECCFDF0A-C674-41E3-93BC-CDF6CF1039D5}.Debug|Any CPU.Build.0 = Debug|Any CPU
		{ECCFDF0A-C674-41E3-93BC-CDF6CF1039D5}.Release|Any CPU.ActiveCfg = Release|Any CPU
		{ECCFDF0A-C674-41E3-93BC-CDF6CF1039D5}.Release|Any CPU.Build.0 = Release|Any CPU
		{C488B4B9-2779-4824-9F0E-D0786FB4129F}.Debug|Any CPU.ActiveCfg = Debug|Any CPU
		{C488B4B9-2779-4824-9F0E-D0786FB4129F}.Debug|Any CPU.Build.0 = Debug|Any CPU
		{C488B4B9-2779-4824-9F0E-D0786FB4129F}.Release|Any CPU.ActiveCfg = Release|Any CPU
		{C488B4B9-2779-4824-9F0E-D0786FB4129F}.Release|Any CPU.Build.0 = Release|Any CPU
		{8522E093-9A3B-4B51-8756-6CF995453980}.Debug|Any CPU.ActiveCfg = Debug|Any CPU
		{8522E093-9A3B-4B51-8756-6CF995453980}.Debug|Any CPU.Build.0 = Debug|Any CPU
		{8522E093-9A3B-4B51-8756-6CF995453980}.Release|Any CPU.ActiveCfg = Release|Any CPU
		{8522E093-9A3B-4B51-8756-6CF995453980}.Release|Any CPU.Build.0 = Release|Any CPU
		{1885D810-4C93-47B4-974D-F96FC72CB068}.Debug|Any CPU.ActiveCfg = Debug|Any CPU
		{1885D810-4C93-47B4-974D-F96FC72CB068}.Debug|Any CPU.Build.0 = Debug|Any CPU
		{1885D810-4C93-47B4-974D-F96FC72CB068}.Release|Any CPU.ActiveCfg = Release|Any CPU
		{1885D810-4C93-47B4-974D-F96FC72CB068}.Release|Any CPU.Build.0 = Release|Any CPU
	EndGlobalSection
	GlobalSection(SolutionProperties) = preSolution
		HideSolutionNode = FALSE
	EndGlobalSection
	GlobalSection(ExtensibilityGlobals) = postSolution
		SolutionGuid = {E4EE291B-9749-48D9-963A-AF1A3C922F36}
	EndGlobalSection
EndGlobal
